// !$*UTF8*$!
{
	archiveVersion = 1;
	classes = {
	};
	objectVersion = 55;
	objects = {

/* Begin PBXBuildFile section */
		3F593C3528BE3EFE00B14AF9 /* AppDelegate.swift in Sources */ = {isa = PBXBuildFile; fileRef = 3F593C3428BE3EFE00B14AF9 /* AppDelegate.swift */; };
		3F593C3E28BE3F0400B14AF9 /* Assets.xcassets in Resources */ = {isa = PBXBuildFile; fileRef = 3F593C3D28BE3F0400B14AF9 /* Assets.xcassets */; };
		3F593C4128BE3F0400B14AF9 /* LaunchScreen.storyboard in Resources */ = {isa = PBXBuildFile; fileRef = 3F593C3F28BE3F0400B14AF9 /* LaunchScreen.storyboard */; };
		3F593C4B28BE3F7200B14AF9 /* MainViewController.swift in Sources */ = {isa = PBXBuildFile; fileRef = 3F593C4A28BE3F7200B14AF9 /* MainViewController.swift */; };
		3F593C4D28BE411F00B14AF9 /* LoginViewController.swift in Sources */ = {isa = PBXBuildFile; fileRef = 3F593C4C28BE411F00B14AF9 /* LoginViewController.swift */; };
		3F593C4F28BE463D00B14AF9 /* BaseViewController.swift in Sources */ = {isa = PBXBuildFile; fileRef = 3F593C4E28BE463D00B14AF9 /* BaseViewController.swift */; };
		3F593C5228BE51E300B14AF9 /* TextField.swift in Sources */ = {isa = PBXBuildFile; fileRef = 3F593C5128BE51E300B14AF9 /* TextField.swift */; };
		DFFD1458150AB8D19BA93B61 /* Pods_sign_in.framework in Frameworks */ = {isa = PBXBuildFile; fileRef = DDA05EE111750532A30D0927 /* Pods_sign_in.framework */; };
/* End PBXBuildFile section */

/* Begin PBXFileReference section */
		3F593C3128BE3EFE00B14AF9 /* sign_in.app */ = {isa = PBXFileReference; explicitFileType = wrapper.application; includeInIndex = 0; path = sign_in.app; sourceTree = BUILT_PRODUCTS_DIR; };
		3F593C3428BE3EFE00B14AF9 /* AppDelegate.swift */ = {isa = PBXFileReference; lastKnownFileType = sourcecode.swift; path = AppDelegate.swift; sourceTree = "<group>"; };
		3F593C3D28BE3F0400B14AF9 /* Assets.xcassets */ = {isa = PBXFileReference; lastKnownFileType = folder.assetcatalog; path = Assets.xcassets; sourceTree = "<group>"; };
		3F593C4028BE3F0400B14AF9 /* Base */ = {isa = PBXFileReference; lastKnownFileType = file.storyboard; name = Base; path = Base.lproj/LaunchScreen.storyboard; sourceTree = "<group>"; };
		3F593C4228BE3F0400B14AF9 /* Info.plist */ = {isa = PBXFileReference; lastKnownFileType = text.plist.xml; path = Info.plist; sourceTree = "<group>"; };
		3F593C4A28BE3F7200B14AF9 /* MainViewController.swift */ = {isa = PBXFileReference; lastKnownFileType = sourcecode.swift; path = MainViewController.swift; sourceTree = "<group>"; };
		3F593C4C28BE411F00B14AF9 /* LoginViewController.swift */ = {isa = PBXFileReference; lastKnownFileType = sourcecode.swift; path = LoginViewController.swift; sourceTree = "<group>"; };
		3F593C4E28BE463D00B14AF9 /* BaseViewController.swift */ = {isa = PBXFileReference; lastKnownFileType = sourcecode.swift; path = BaseViewController.swift; sourceTree = "<group>"; };
		3F593C5128BE51E300B14AF9 /* TextField.swift */ = {isa = PBXFileReference; lastKnownFileType = sourcecode.swift; path = TextField.swift; sourceTree = "<group>"; };
		54A41C1F3C572C764BCF3CAC /* Pods-sign_in.debug.xcconfig */ = {isa = PBXFileReference; includeInIndex = 1; lastKnownFileType = text.xcconfig; name = "Pods-sign_in.debug.xcconfig"; path = "Target Support Files/Pods-sign_in/Pods-sign_in.debug.xcconfig"; sourceTree = "<group>"; };
		60B01B4999FF640897ACDEC5 /* Pods-sign_in.release.xcconfig */ = {isa = PBXFileReference; includeInIndex = 1; lastKnownFileType = text.xcconfig; name = "Pods-sign_in.release.xcconfig"; path = "Target Support Files/Pods-sign_in/Pods-sign_in.release.xcconfig"; sourceTree = "<group>"; };
		DDA05EE111750532A30D0927 /* Pods_sign_in.framework */ = {isa = PBXFileReference; explicitFileType = wrapper.framework; includeInIndex = 0; path = Pods_sign_in.framework; sourceTree = BUILT_PRODUCTS_DIR; };
/* End PBXFileReference section */

/* Begin PBXFrameworksBuildPhase section */
		3F593C2E28BE3EFE00B14AF9 /* Frameworks */ = {
			isa = PBXFrameworksBuildPhase;
			buildActionMask = 2147483647;
			files = (
				DFFD1458150AB8D19BA93B61 /* Pods_sign_in.framework in Frameworks */,
			);
			runOnlyForDeploymentPostprocessing = 0;
		};
/* End PBXFrameworksBuildPhase section */

/* Begin PBXGroup section */
		1895A9185B382F17B1320130 /* Pods */ = {
			isa = PBXGroup;
			children = (
				54A41C1F3C572C764BCF3CAC /* Pods-sign_in.debug.xcconfig */,
				60B01B4999FF640897ACDEC5 /* Pods-sign_in.release.xcconfig */,
			);
			path = Pods;
			sourceTree = "<group>";
		};
		3F593C2828BE3EFD00B14AF9 = {
			isa = PBXGroup;
			children = (
				3F593C3328BE3EFE00B14AF9 /* sign_in */,
				3F593C3228BE3EFE00B14AF9 /* Products */,
				1895A9185B382F17B1320130 /* Pods */,
				A276DF1979D043AA237E37C5 /* Frameworks */,
			);
			sourceTree = "<group>";
		};
		3F593C3228BE3EFE00B14AF9 /* Products */ = {
			isa = PBXGroup;
			children = (
				3F593C3128BE3EFE00B14AF9 /* sign_in.app */,
			);
			name = Products;
			sourceTree = "<group>";
		};
		3F593C3328BE3EFE00B14AF9 /* sign_in */ = {
			isa = PBXGroup;
			children = (
				3F593C5028BE51C700B14AF9 /* Extensions */,
				3F593C3428BE3EFE00B14AF9 /* AppDelegate.swift */,
				3F593C3D28BE3F0400B14AF9 /* Assets.xcassets */,
				3F593C3F28BE3F0400B14AF9 /* LaunchScreen.storyboard */,
				3F593C4228BE3F0400B14AF9 /* Info.plist */,
				3F593C4A28BE3F7200B14AF9 /* MainViewController.swift */,
				3F593C4C28BE411F00B14AF9 /* LoginViewController.swift */,
				3F593C4E28BE463D00B14AF9 /* BaseViewController.swift */,
			);
			path = sign_in;
			sourceTree = "<group>";
		};
		3F593C5028BE51C700B14AF9 /* Extensions */ = {
			isa = PBXGroup;
			children = (
				3F593C5128BE51E300B14AF9 /* TextField.swift */,
			);
			path = Extensions;
			sourceTree = "<group>";
		};
		A276DF1979D043AA237E37C5 /* Frameworks */ = {
			isa = PBXGroup;
			children = (
				DDA05EE111750532A30D0927 /* Pods_sign_in.framework */,
			);
			name = Frameworks;
			sourceTree = "<group>";
		};
/* End PBXGroup section */

/* Begin PBXNativeTarget section */
		3F593C3028BE3EFE00B14AF9 /* sign_in */ = {
			isa = PBXNativeTarget;
			buildConfigurationList = 3F593C4528BE3F0400B14AF9 /* Build configuration list for PBXNativeTarget "sign_in" */;
			buildPhases = (
				FF16C0AEE72A5C5CEDEDB5E9 /* [CP] Check Pods Manifest.lock */,
				3F593C2D28BE3EFE00B14AF9 /* Sources */,
				3F593C2E28BE3EFE00B14AF9 /* Frameworks */,
				3F593C2F28BE3EFE00B14AF9 /* Resources */,
				5B18BBE696109CD6ECB24438 /* [CP] Embed Pods Frameworks */,
			);
			buildRules = (
			);
			dependencies = (
			);
			name = sign_in;
			productName = sign_in;
			productReference = 3F593C3128BE3EFE00B14AF9 /* sign_in.app */;
			productType = "com.apple.product-type.application";
		};
/* End PBXNativeTarget section */

/* Begin PBXProject section */
		3F593C2928BE3EFD00B14AF9 /* Project object */ = {
			isa = PBXProject;
			attributes = {
				BuildIndependentTargetsInParallel = 1;
				LastSwiftUpdateCheck = 1340;
				LastUpgradeCheck = 1340;
				TargetAttributes = {
					3F593C3028BE3EFE00B14AF9 = {
						CreatedOnToolsVersion = 13.4.1;
					};
				};
			};
			buildConfigurationList = 3F593C2C28BE3EFD00B14AF9 /* Build configuration list for PBXProject "sign_in" */;
			compatibilityVersion = "Xcode 13.0";
			developmentRegion = en;
			hasScannedForEncodings = 0;
			knownRegions = (
				en,
				Base,
			);
			mainGroup = 3F593C2828BE3EFD00B14AF9;
			productRefGroup = 3F593C3228BE3EFE00B14AF9 /* Products */;
			projectDirPath = "";
			projectRoot = "";
			targets = (
				3F593C3028BE3EFE00B14AF9 /* sign_in */,
			);
		};
/* End PBXProject section */

/* Begin PBXResourcesBuildPhase section */
		3F593C2F28BE3EFE00B14AF9 /* Resources */ = {
			isa = PBXResourcesBuildPhase;
			buildActionMask = 2147483647;
			files = (
				3F593C4128BE3F0400B14AF9 /* LaunchScreen.storyboard in Resources */,
				3F593C3E28BE3F0400B14AF9 /* Assets.xcassets in Resources */,
			);
			runOnlyForDeploymentPostprocessing = 0;
		};
/* End PBXResourcesBuildPhase section */

/* Begin PBXShellScriptBuildPhase section */
		5B18BBE696109CD6ECB24438 /* [CP] Embed Pods Frameworks */ = {
			isa = PBXShellScriptBuildPhase;
			buildActionMask = 2147483647;
			files = (
			);
			inputFileListPaths = (
				"${PODS_ROOT}/Target Support Files/Pods-sign_in/Pods-sign_in-frameworks-${CONFIGURATION}-input-files.xcfilelist",
			);
			name = "[CP] Embed Pods Frameworks";
			outputFileListPaths = (
				"${PODS_ROOT}/Target Support Files/Pods-sign_in/Pods-sign_in-frameworks-${CONFIGURATION}-output-files.xcfilelist",
			);
			runOnlyForDeploymentPostprocessing = 0;
			shellPath = /bin/sh;
			shellScript = "\"${PODS_ROOT}/Target Support Files/Pods-sign_in/Pods-sign_in-frameworks.sh\"\n";
			showEnvVarsInLog = 0;
		};
		FF16C0AEE72A5C5CEDEDB5E9 /* [CP] Check Pods Manifest.lock */ = {
			isa = PBXShellScriptBuildPhase;
			buildActionMask = 2147483647;
			files = (
			);
			inputFileListPaths = (
			);
			inputPaths = (
				"${PODS_PODFILE_DIR_PATH}/Podfile.lock",
				"${PODS_ROOT}/Manifest.lock",
			);
			name = "[CP] Check Pods Manifest.lock";
			outputFileListPaths = (
			);
			outputPaths = (
				"$(DERIVED_FILE_DIR)/Pods-sign_in-checkManifestLockResult.txt",
			);
			runOnlyForDeploymentPostprocessing = 0;
			shellPath = /bin/sh;
			shellScript = "diff \"${PODS_PODFILE_DIR_PATH}/Podfile.lock\" \"${PODS_ROOT}/Manifest.lock\" > /dev/null\nif [ $? != 0 ] ; then\n    # print error to STDERR\n    echo \"error: The sandbox is not in sync with the Podfile.lock. Run 'pod install' or update your CocoaPods installation.\" >&2\n    exit 1\nfi\n# This output is used by Xcode 'outputs' to avoid re-running this script phase.\necho \"SUCCESS\" > \"${SCRIPT_OUTPUT_FILE_0}\"\n";
			showEnvVarsInLog = 0;
		};
/* End PBXShellScriptBuildPhase section */

/* Begin PBXSourcesBuildPhase section */
		3F593C2D28BE3EFE00B14AF9 /* Sources */ = {
			isa = PBXSourcesBuildPhase;
			buildActionMask = 2147483647;
			files = (
				3F593C4D28BE411F00B14AF9 /* LoginViewController.swift in Sources */,
				3F593C4F28BE463D00B14AF9 /* BaseViewController.swift in Sources */,
				3F593C3528BE3EFE00B14AF9 /* AppDelegate.swift in Sources */,
				3F593C5228BE51E300B14AF9 /* TextField.swift in Sources */,
				3F593C4B28BE3F7200B14AF9 /* MainViewController.swift in Sources */,
			);
			runOnlyForDeploymentPostprocessing = 0;
		};
/* End PBXSourcesBuildPhase section */

/* Begin PBXVariantGroup section */
		3F593C3F28BE3F0400B14AF9 /* LaunchScreen.storyboard */ = {
			isa = PBXVariantGroup;
			children = (
				3F593C4028BE3F0400B14AF9 /* Base */,
			);
			name = LaunchScreen.storyboard;
			sourceTree = "<group>";
		};
/* End PBXVariantGroup section */

/* Begin XCBuildConfiguration section */
		3F593C4328BE3F0400B14AF9 /* Debug */ = {
			isa = XCBuildConfiguration;
			buildSettings = {
				ALWAYS_SEARCH_USER_PATHS = NO;
				CLANG_ANALYZER_NONNULL = YES;
				CLANG_ANALYZER_NUMBER_OBJECT_CONVERSION = YES_AGGRESSIVE;
				CLANG_CXX_LANGUAGE_STANDARD = "gnu++17";
				CLANG_ENABLE_MODULES = YES;
				CLANG_ENABLE_OBJC_ARC = YES;
				CLANG_ENABLE_OBJC_WEAK = YES;
				CLANG_WARN_BLOCK_CAPTURE_AUTORELEASING = YES;
				CLANG_WARN_BOOL_CONVERSION = YES;
				CLANG_WARN_COMMA = YES;
				CLANG_WARN_CONSTANT_CONVERSION = YES;
				CLANG_WARN_DEPRECATED_OBJC_IMPLEMENTATIONS = YES;
				CLANG_WARN_DIRECT_OBJC_ISA_USAGE = YES_ERROR;
				CLANG_WARN_DOCUMENTATION_COMMENTS = YES;
				CLANG_WARN_EMPTY_BODY = YES;
				CLANG_WARN_ENUM_CONVERSION = YES;
				CLANG_WARN_INFINITE_RECURSION = YES;
				CLANG_WARN_INT_CONVERSION = YES;
				CLANG_WARN_NON_LITERAL_NULL_CONVERSION = YES;
				CLANG_WARN_OBJC_IMPLICIT_RETAIN_SELF = YES;
				CLANG_WARN_OBJC_LITERAL_CONVERSION = YES;
				CLANG_WARN_OBJC_ROOT_CLASS = YES_ERROR;
				CLANG_WARN_QUOTED_INCLUDE_IN_FRAMEWORK_HEADER = YES;
				CLANG_WARN_RANGE_LOOP_ANALYSIS = YES;
				CLANG_WARN_STRICT_PROTOTYPES = YES;
				CLANG_WARN_SUSPICIOUS_MOVE = YES;
				CLANG_WARN_UNGUARDED_AVAILABILITY = YES_AGGRESSIVE;
				CLANG_WARN_UNREACHABLE_CODE = YES;
				CLANG_WARN__DUPLICATE_METHOD_MATCH = YES;
				COPY_PHASE_STRIP = NO;
				DEBUG_INFORMATION_FORMAT = dwarf;
				ENABLE_STRICT_OBJC_MSGSEND = YES;
				ENABLE_TESTABILITY = YES;
				GCC_C_LANGUAGE_STANDARD = gnu11;
				GCC_DYNAMIC_NO_PIC = NO;
				GCC_NO_COMMON_BLOCKS = YES;
				GCC_OPTIMIZATION_LEVEL = 0;
				GCC_PREPROCESSOR_DEFINITIONS = (
					"DEBUG=1",
					"$(inherited)",
				);
				GCC_WARN_64_TO_32_BIT_CONVERSION = YES;
				GCC_WARN_ABOUT_RETURN_TYPE = YES_ERROR;
				GCC_WARN_UNDECLARED_SELECTOR = YES;
				GCC_WARN_UNINITIALIZED_AUTOS = YES_AGGRESSIVE;
				GCC_WARN_UNUSED_FUNCTION = YES;
				GCC_WARN_UNUSED_VARIABLE = YES;
				IPHONEOS_DEPLOYMENT_TARGET = 13.0;
				MTL_ENABLE_DEBUG_INFO = INCLUDE_SOURCE;
				MTL_FAST_MATH = YES;
				ONLY_ACTIVE_ARCH = YES;
				SDKROOT = iphoneos;
				SWIFT_ACTIVE_COMPILATION_CONDITIONS = DEBUG;
				SWIFT_OPTIMIZATION_LEVEL = "-Onone";
			};
			name = Debug;
		};
		3F593C4428BE3F0400B14AF9 /* Release */ = {
			isa = XCBuildConfiguration;
			buildSettings = {
				ALWAYS_SEARCH_USER_PATHS = NO;
				CLANG_ANALYZER_NONNULL = YES;
				CLANG_ANALYZER_NUMBER_OBJECT_CONVERSION = YES_AGGRESSIVE;
				CLANG_CXX_LANGUAGE_STANDARD = "gnu++17";
				CLANG_ENABLE_MODULES = YES;
				CLANG_ENABLE_OBJC_ARC = YES;
				CLANG_ENABLE_OBJC_WEAK = YES;
				CLANG_WARN_BLOCK_CAPTURE_AUTORELEASING = YES;
				CLANG_WARN_BOOL_CONVERSION = YES;
				CLANG_WARN_COMMA = YES;
				CLANG_WARN_CONSTANT_CONVERSION = YES;
				CLANG_WARN_DEPRECATED_OBJC_IMPLEMENTATIONS = YES;
				CLANG_WARN_DIRECT_OBJC_ISA_USAGE = YES_ERROR;
				CLANG_WARN_DOCUMENTATION_COMMENTS = YES;
				CLANG_WARN_EMPTY_BODY = YES;
				CLANG_WARN_ENUM_CONVERSION = YES;
				CLANG_WARN_INFINITE_RECURSION = YES;
				CLANG_WARN_INT_CONVERSION = YES;
				CLANG_WARN_NON_LITERAL_NULL_CONVERSION = YES;
				CLANG_WARN_OBJC_IMPLICIT_RETAIN_SELF = YES;
				CLANG_WARN_OBJC_LITERAL_CONVERSION = YES;
				CLANG_WARN_OBJC_ROOT_CLASS = YES_ERROR;
				CLANG_WARN_QUOTED_INCLUDE_IN_FRAMEWORK_HEADER = YES;
				CLANG_WARN_RANGE_LOOP_ANALYSIS = YES;
				CLANG_WARN_STRICT_PROTOTYPES = YES;
				CLANG_WARN_SUSPICIOUS_MOVE = YES;
				CLANG_WARN_UNGUARDED_AVAILABILITY = YES_AGGRESSIVE;
				CLANG_WARN_UNREACHABLE_CODE = YES;
				CLANG_WARN__DUPLICATE_METHOD_MATCH = YES;
				COPY_PHASE_STRIP = NO;
				DEBUG_INFORMATION_FORMAT = "dwarf-with-dsym";
				ENABLE_NS_ASSERTIONS = NO;
				ENABLE_STRICT_OBJC_MSGSEND = YES;
				GCC_C_LANGUAGE_STANDARD = gnu11;
				GCC_NO_COMMON_BLOCKS = YES;
				GCC_WARN_64_TO_32_BIT_CONVERSION = YES;
				GCC_WARN_ABOUT_RETURN_TYPE = YES_ERROR;
				GCC_WARN_UNDECLARED_SELECTOR = YES;
				GCC_WARN_UNINITIALIZED_AUTOS = YES_AGGRESSIVE;
				GCC_WARN_UNUSED_FUNCTION = YES;
				GCC_WARN_UNUSED_VARIABLE = YES;
				IPHONEOS_DEPLOYMENT_TARGET = 13.0;
				MTL_ENABLE_DEBUG_INFO = NO;
				MTL_FAST_MATH = YES;
				SDKROOT = iphoneos;
				SWIFT_COMPILATION_MODE = wholemodule;
				SWIFT_OPTIMIZATION_LEVEL = "-O";
				VALIDATE_PRODUCT = YES;
			};
			name = Release;
		};
		3F593C4628BE3F0400B14AF9 /* Debug */ = {
			isa = XCBuildConfiguration;
			baseConfigurationReference = 54A41C1F3C572C764BCF3CAC /* Pods-sign_in.debug.xcconfig */;
			buildSettings = {
				ASSETCATALOG_COMPILER_APPICON_NAME = AppIcon;
				ASSETCATALOG_COMPILER_GLOBAL_ACCENT_COLOR_NAME = AccentColor;
				CODE_SIGN_STYLE = Automatic;
				CURRENT_PROJECT_VERSION = 1;
				GENERATE_INFOPLIST_FILE = YES;
				INFOPLIST_FILE = sign_in/Info.plist;
				INFOPLIST_KEY_UIApplicationSupportsIndirectInputEvents = YES;
				INFOPLIST_KEY_UILaunchStoryboardName = LaunchScreen;
				INFOPLIST_KEY_UISupportedInterfaceOrientations_iPad = "UIInterfaceOrientationPortrait UIInterfaceOrientationPortraitUpsideDown UIInterfaceOrientationLandscapeLeft UIInterfaceOrientationLandscapeRight";
				INFOPLIST_KEY_UISupportedInterfaceOrientations_iPhone = "UIInterfaceOrientationPortrait UIInterfaceOrientationLandscapeLeft UIInterfaceOrientationLandscapeRight";
				IPHONEOS_DEPLOYMENT_TARGET = 13.0;
				LD_RUNPATH_SEARCH_PATHS = (
					"$(inherited)",
					"@executable_path/Frameworks",
				);
				MARKETING_VERSION = 1.0;
				PRODUCT_BUNDLE_IDENTIFIER = "Neolabs.sign-in";
				PRODUCT_NAME = "$(TARGET_NAME)";
				SWIFT_EMIT_LOC_STRINGS = YES;
				SWIFT_VERSION = 5.0;
				TARGETED_DEVICE_FAMILY = 1;
			};
			name = Debug;
		};
		3F593C4728BE3F0400B14AF9 /* Release */ = {
			isa = XCBuildConfiguration;
			baseConfigurationReference = 60B01B4999FF640897ACDEC5 /* Pods-sign_in.release.xcconfig */;
			buildSettings = {
				ASSETCATALOG_COMPILER_APPICON_NAME = AppIcon;
				ASSETCATALOG_COMPILER_GLOBAL_ACCENT_COLOR_NAME = AccentColor;
				CODE_SIGN_STYLE = Automatic;
				CURRENT_PROJECT_VERSION = 1;
				GENERATE_INFOPLIST_FILE = YES;
				INFOPLIST_FILE = sign_in/Info.plist;
				INFOPLIST_KEY_UIApplicationSupportsIndirectInputEvents = YES;
				INFOPLIST_KEY_UILaunchStoryboardName = LaunchScreen;
				INFOPLIST_KEY_UISupportedInterfaceOrientations_iPad = "UIInterfaceOrientationPortrait UIInterfaceOrientationPortraitUpsideDown UIInterfaceOrientationLandscapeLeft UIInterfaceOrientationLandscapeRight";
				INFOPLIST_KEY_UISupportedInterfaceOrientations_iPhone = "UIInterfaceOrientationPortrait UIInterfaceOrientationLandscapeLeft UIInterfaceOrientationLandscapeRight";
				IPHONEOS_DEPLOYMENT_TARGET = 13.0;
				LD_RUNPATH_SEARCH_PATHS = (
					"$(inherited)",
					"@executable_path/Frameworks",
				);
				MARKETING_VERSION = 1.0;
				PRODUCT_BUNDLE_IDENTIFIER = "Neolabs.sign-in";
				PRODUCT_NAME = "$(TARGET_NAME)";
				SWIFT_EMIT_LOC_STRINGS = YES;
				SWIFT_VERSION = 5.0;
				TARGETED_DEVICE_FAMILY = 1;
			};
			name = Release;
		};
/* End XCBuildConfiguration section */

/* Begin XCConfigurationList section */
		3F593C2C28BE3EFD00B14AF9 /* Build configuration list for PBXProject "sign_in" */ = {
			isa = XCConfigurationList;
			buildConfigurations = (
				3F593C4328BE3F0400B14AF9 /* Debug */,
				3F593C4428BE3F0400B14AF9 /* Release */,
			);
			defaultConfigurationIsVisible = 0;
			defaultConfigurationName = Release;
		};
		3F593C4528BE3F0400B14AF9 /* Build configuration list for PBXNativeTarget "sign_in" */ = {
			isa = XCConfigurationList;
			buildConfigurations = (
				3F593C4628BE3F0400B14AF9 /* Debug */,
				3F593C4728BE3F0400B14AF9 /* Release */,
			);
			defaultConfigurationIsVisible = 0;
			defaultConfigurationName = Release;
		};
/* End XCConfigurationList section */
	};
	rootObject = 3F593C2928BE3EFD00B14AF9 /* Project object */;
}
